
Microsoft Visual Studio Solution File, Format Version 12.00
# Visual Studio Version 16
VisualStudioVersion = 16.0.29613.14
MinimumVisualStudioVersion = 10.0.40219.1
Project("{FAE04EC0-301F-11D3-BF4B-00C04F79EFBC}") = "ManLab", "ManLab.csproj", "{47630015-F638-4C96-9CFC-E9FF9BC031C1}"
EndProject
Global
	GlobalSection(SolutionConfigurationPlatforms) = preSolution
		Debug|Any CPU = Debug|Any CPU
		Release|Any CPU = Release|Any CPU
	EndGlobalSection
	GlobalSection(ProjectConfigurationPlatforms) = postSolution
		{47630015-F638-4C96-9CFC-E9FF9BC031C1}.Debug|Any CPU.ActiveCfg = Debug|Any CPU
		{47630015-F638-4C96-9CFC-E9FF9BC031C1}.Debug|Any CPU.Build.0 = Debug|Any CPU
		{47630015-F638-4C96-9CFC-E9FF9BC031C1}.Release|Any CPU.ActiveCfg = Release|Any CPU
		{47630015-F638-4C96-9CFC-E9FF9BC031C1}.Release|Any CPU.Build.0 = Release|Any CPU
	EndGlobalSection
	GlobalSection(SolutionProperties) = preSolution
		HideSolutionNode = FALSE
	EndGlobalSection
	GlobalSection(ExtensibilityGlobals) = postSolution
		SolutionGuid = {9EF7A7DE-E45B-46AE-A44C-A2304C34EB90}
	EndGlobalSection
EndGlobal
